// !$*UTF8*$!
{
	archiveVersion = 1;
	classes = {
	};
	objectVersion = 46;
	objects = {

/* Begin PBXBuildFile section */
		3420FB4D2690BD8100D7AC2F /* RootsDictionaryTests.swift in Sources */ = {isa = PBXBuildFile; fileRef = 3420FB482690BD8100D7AC2F /* RootsDictionaryTests.swift */; };
		3420FB4E2690BD8100D7AC2F /* BitmapColorTest.swift in Sources */ = {isa = PBXBuildFile; fileRef = 3420FB492690BD8100D7AC2F /* BitmapColorTest.swift */; };
		3420FB4F2690BD8100D7AC2F /* BitmapImageTests.swift in Sources */ = {isa = PBXBuildFile; fileRef = 3420FB4A2690BD8100D7AC2F /* BitmapImageTests.swift */; };
		3420FB502690BD8100D7AC2F /* DisjointSetTests.swift in Sources */ = {isa = PBXBuildFile; fileRef = 3420FB4B2690BD8100D7AC2F /* DisjointSetTests.swift */; };
		3420FB512690BD8100D7AC2F /* WGraphTests.swift in Sources */ = {isa = PBXBuildFile; fileRef = 3420FB4C2690BD8100D7AC2F /* WGraphTests.swift */; };
		3420FB542690BFD600D7AC2F /* Main.storyboard in Resources */ = {isa = PBXBuildFile; fileRef = 3420FB522690BFD600D7AC2F /* Main.storyboard */; };
		3420FB552690C13B00D7AC2F /* Main.storyboard in Resources */ = {isa = PBXBuildFile; fileRef = 3420FB522690BFD600D7AC2F /* Main.storyboard */; };
		3493469A2690D26400FF727C /* BitmapImageTests.swift in Sources */ = {isa = PBXBuildFile; fileRef = 3420FB4A2690BD8100D7AC2F /* BitmapImageTests.swift */; };
		3493469B2690D26400FF727C /* DisjointSetTests.swift in Sources */ = {isa = PBXBuildFile; fileRef = 3420FB4B2690BD8100D7AC2F /* DisjointSetTests.swift */; };
		3493469C2690D26400FF727C /* BitmapColorTest.swift in Sources */ = {isa = PBXBuildFile; fileRef = 3420FB492690BD8100D7AC2F /* BitmapColorTest.swift */; };
		3493469D2690D26400FF727C /* WGraphTests.swift in Sources */ = {isa = PBXBuildFile; fileRef = 3420FB4C2690BD8100D7AC2F /* WGraphTests.swift */; };
		3493469E2690D26400FF727C /* RootsDictionaryTests.swift in Sources */ = {isa = PBXBuildFile; fileRef = 3420FB482690BD8100D7AC2F /* RootsDictionaryTests.swift */; };
		349346A22690D26400FF727C /* Main.storyboard in Resources */ = {isa = PBXBuildFile; fileRef = 3420FB522690BFD600D7AC2F /* Main.storyboard */; };
		349346B22690D30D00FF727C /* BitmapImagePerformanceTests.swift in Sources */ = {isa = PBXBuildFile; fileRef = 349346AB2690D30900FF727C /* BitmapImagePerformanceTests.swift */; };
		349346B32690D31000FF727C /* DisjointSetPerformanceTests.swift in Sources */ = {isa = PBXBuildFile; fileRef = 349346AD2690D30900FF727C /* DisjointSetPerformanceTests.swift */; };
		349346B42690D31400FF727C /* SegmentingImageAlgorithmPerformanceTests.swift in Sources */ = {isa = PBXBuildFile; fileRef = 349346AC2690D30900FF727C /* SegmentingImageAlgorithmPerformanceTests.swift */; };
		349346B52690D31800FF727C /* WGraphPerformanceTests.swift in Sources */ = {isa = PBXBuildFile; fileRef = 349346AA2690D30900FF727C /* WGraphPerformanceTests.swift */; };
		34ED369E2691C92500E05B0E /* BitmapImagePerformanceTests.swift in Sources */ = {isa = PBXBuildFile; fileRef = 349346AB2690D30900FF727C /* BitmapImagePerformanceTests.swift */; };
		34ED369F2691C92800E05B0E /* DisjointSetPerformanceTests.swift in Sources */ = {isa = PBXBuildFile; fileRef = 349346AD2690D30900FF727C /* DisjointSetPerformanceTests.swift */; };
		34ED36A02691C92B00E05B0E /* SegmentingImageAlgorithmPerformanceTests.swift in Sources */ = {isa = PBXBuildFile; fileRef = 349346AC2690D30900FF727C /* SegmentingImageAlgorithmPerformanceTests.swift */; };
		34ED36A12691C92E00E05B0E /* WGraphPerformanceTests.swift in Sources */ = {isa = PBXBuildFile; fileRef = 349346AA2690D30900FF727C /* WGraphPerformanceTests.swift */; };
		607FACD61AFB9204008FA782 /* AppDelegate.swift in Sources */ = {isa = PBXBuildFile; fileRef = 607FACD51AFB9204008FA782 /* AppDelegate.swift */; };
		607FACD81AFB9204008FA782 /* ViewController.swift in Sources */ = {isa = PBXBuildFile; fileRef = 607FACD71AFB9204008FA782 /* ViewController.swift */; };
		607FACDD1AFB9204008FA782 /* Images.xcassets in Resources */ = {isa = PBXBuildFile; fileRef = 607FACDC1AFB9204008FA782 /* Images.xcassets */; };
		607FACE01AFB9204008FA782 /* LaunchScreen.xib in Resources */ = {isa = PBXBuildFile; fileRef = 607FACDE1AFB9204008FA782 /* LaunchScreen.xib */; };
		8E5941D03191FD204D4CE139 /* Pods_GraphPod_Tests.framework in Frameworks */ = {isa = PBXBuildFile; fileRef = 68476C214C82A0642A5F81C1 /* Pods_GraphPod_Tests.framework */; };
		F1852C5040C3C539F9361D20 /* Pods_GraphPod_Example.framework in Frameworks */ = {isa = PBXBuildFile; fileRef = F027625DA31DC9E35FB30E3B /* Pods_GraphPod_Example.framework */; };
/* End PBXBuildFile section */

/* Begin PBXContainerItemProxy section */
		349346972690D26400FF727C /* PBXContainerItemProxy */ = {
			isa = PBXContainerItemProxy;
			containerPortal = 607FACC81AFB9204008FA782 /* Project object */;
			proxyType = 1;
			remoteGlobalIDString = 607FACCF1AFB9204008FA782;
			remoteInfo = GraphPod;
		};
		607FACE61AFB9204008FA782 /* PBXContainerItemProxy */ = {
			isa = PBXContainerItemProxy;
			containerPortal = 607FACC81AFB9204008FA782 /* Project object */;
			proxyType = 1;
			remoteGlobalIDString = 607FACCF1AFB9204008FA782;
			remoteInfo = GraphPod;
		};
/* End PBXContainerItemProxy section */

/* Begin PBXFileReference section */
		2DCC70612667804A3FC0AE0B /* Pods-GraphPod_Example.debug.xcconfig */ = {isa = PBXFileReference; includeInIndex = 1; lastKnownFileType = text.xcconfig; name = "Pods-GraphPod_Example.debug.xcconfig"; path = "Target Support Files/Pods-GraphPod_Example/Pods-GraphPod_Example.debug.xcconfig"; sourceTree = "<group>"; };
		3420FB482690BD8100D7AC2F /* RootsDictionaryTests.swift */ = {isa = PBXFileReference; fileEncoding = 4; lastKnownFileType = sourcecode.swift; path = RootsDictionaryTests.swift; sourceTree = "<group>"; };
		3420FB492690BD8100D7AC2F /* BitmapColorTest.swift */ = {isa = PBXFileReference; fileEncoding = 4; lastKnownFileType = sourcecode.swift; path = BitmapColorTest.swift; sourceTree = "<group>"; };
		3420FB4A2690BD8100D7AC2F /* BitmapImageTests.swift */ = {isa = PBXFileReference; fileEncoding = 4; lastKnownFileType = sourcecode.swift; path = BitmapImageTests.swift; sourceTree = "<group>"; };
		3420FB4B2690BD8100D7AC2F /* DisjointSetTests.swift */ = {isa = PBXFileReference; fileEncoding = 4; lastKnownFileType = sourcecode.swift; path = DisjointSetTests.swift; sourceTree = "<group>"; };
		3420FB4C2690BD8100D7AC2F /* WGraphTests.swift */ = {isa = PBXFileReference; fileEncoding = 4; lastKnownFileType = sourcecode.swift; path = WGraphTests.swift; sourceTree = "<group>"; };
		3420FB532690BFD600D7AC2F /* Base */ = {isa = PBXFileReference; lastKnownFileType = file.storyboard; name = Base; path = Base.lproj/Main.storyboard; sourceTree = "<group>"; };
		349346A72690D26400FF727C /* GraphPod_Performance_Tests .xctest */ = {isa = PBXFileReference; explicitFileType = wrapper.cfbundle; includeInIndex = 0; path = "GraphPod_Performance_Tests .xctest"; sourceTree = BUILT_PRODUCTS_DIR; };
		349346A82690D26500FF727C /* GraphPod_Tests copy-Info.plist */ = {isa = PBXFileReference; lastKnownFileType = text.plist.xml; name = "GraphPod_Tests copy-Info.plist"; path = "/Users/matthew/Documents/IOSProjects/Geekbrains/GraphPod/Example/GraphPod_Tests copy-Info.plist"; sourceTree = "<absolute>"; };
		349346AA2690D30900FF727C /* WGraphPerformanceTests.swift */ = {isa = PBXFileReference; fileEncoding = 4; lastKnownFileType = sourcecode.swift; path = WGraphPerformanceTests.swift; sourceTree = "<group>"; };
		349346AB2690D30900FF727C /* BitmapImagePerformanceTests.swift */ = {isa = PBXFileReference; fileEncoding = 4; lastKnownFileType = sourcecode.swift; path = BitmapImagePerformanceTests.swift; sourceTree = "<group>"; };
		349346AC2690D30900FF727C /* SegmentingImageAlgorithmPerformanceTests.swift */ = {isa = PBXFileReference; fileEncoding = 4; lastKnownFileType = sourcecode.swift; path = SegmentingImageAlgorithmPerformanceTests.swift; sourceTree = "<group>"; };
		349346AD2690D30900FF727C /* DisjointSetPerformanceTests.swift */ = {isa = PBXFileReference; fileEncoding = 4; lastKnownFileType = sourcecode.swift; path = DisjointSetPerformanceTests.swift; sourceTree = "<group>"; };
		38348CD0814D2C49D565008C /* Pods-GraphPod_Example.release.xcconfig */ = {isa = PBXFileReference; includeInIndex = 1; lastKnownFileType = text.xcconfig; name = "Pods-GraphPod_Example.release.xcconfig"; path = "Target Support Files/Pods-GraphPod_Example/Pods-GraphPod_Example.release.xcconfig"; sourceTree = "<group>"; };
		423091CABFAD2C9C5D6E0645 /* LICENSE */ = {isa = PBXFileReference; includeInIndex = 1; lastKnownFileType = text; name = LICENSE; path = ../LICENSE; sourceTree = "<group>"; };
		607FACD01AFB9204008FA782 /* GraphPod_Example.app */ = {isa = PBXFileReference; explicitFileType = wrapper.application; includeInIndex = 0; path = GraphPod_Example.app; sourceTree = BUILT_PRODUCTS_DIR; };
		607FACD41AFB9204008FA782 /* Info.plist */ = {isa = PBXFileReference; lastKnownFileType = text.plist.xml; path = Info.plist; sourceTree = "<group>"; };
		607FACD51AFB9204008FA782 /* AppDelegate.swift */ = {isa = PBXFileReference; lastKnownFileType = sourcecode.swift; path = AppDelegate.swift; sourceTree = "<group>"; };
		607FACD71AFB9204008FA782 /* ViewController.swift */ = {isa = PBXFileReference; lastKnownFileType = sourcecode.swift; path = ViewController.swift; sourceTree = "<group>"; };
		607FACDC1AFB9204008FA782 /* Images.xcassets */ = {isa = PBXFileReference; lastKnownFileType = folder.assetcatalog; path = Images.xcassets; sourceTree = "<group>"; };
		607FACDF1AFB9204008FA782 /* Base */ = {isa = PBXFileReference; lastKnownFileType = file.xib; name = Base; path = Base.lproj/LaunchScreen.xib; sourceTree = "<group>"; };
		607FACE51AFB9204008FA782 /* GraphPod_Tests.xctest */ = {isa = PBXFileReference; explicitFileType = wrapper.cfbundle; includeInIndex = 0; path = GraphPod_Tests.xctest; sourceTree = BUILT_PRODUCTS_DIR; };
		607FACEA1AFB9204008FA782 /* Info.plist */ = {isa = PBXFileReference; lastKnownFileType = text.plist.xml; path = Info.plist; sourceTree = "<group>"; };
		68476C214C82A0642A5F81C1 /* Pods_GraphPod_Tests.framework */ = {isa = PBXFileReference; explicitFileType = wrapper.framework; includeInIndex = 0; path = Pods_GraphPod_Tests.framework; sourceTree = BUILT_PRODUCTS_DIR; };
		721E46F95328FF0E90AE3B40 /* README.md */ = {isa = PBXFileReference; includeInIndex = 1; lastKnownFileType = net.daringfireball.markdown; name = README.md; path = ../README.md; sourceTree = "<group>"; };
		75289DD11DD289840E9457C5 /* Pods-GraphPod_Tests.debug.xcconfig */ = {isa = PBXFileReference; includeInIndex = 1; lastKnownFileType = text.xcconfig; name = "Pods-GraphPod_Tests.debug.xcconfig"; path = "Target Support Files/Pods-GraphPod_Tests/Pods-GraphPod_Tests.debug.xcconfig"; sourceTree = "<group>"; };
		83BCC48F45AA899F6799C15E /* Pods-GraphPod_Tests.release.xcconfig */ = {isa = PBXFileReference; includeInIndex = 1; lastKnownFileType = text.xcconfig; name = "Pods-GraphPod_Tests.release.xcconfig"; path = "Target Support Files/Pods-GraphPod_Tests/Pods-GraphPod_Tests.release.xcconfig"; sourceTree = "<group>"; };
		C35D1F3E0E0ADD77D75B48CC /* GraphPod.podspec */ = {isa = PBXFileReference; includeInIndex = 1; lastKnownFileType = text; name = GraphPod.podspec; path = ../GraphPod.podspec; sourceTree = "<group>"; xcLanguageSpecificationIdentifier = xcode.lang.ruby; };
		F027625DA31DC9E35FB30E3B /* Pods_GraphPod_Example.framework */ = {isa = PBXFileReference; explicitFileType = wrapper.framework; includeInIndex = 0; path = Pods_GraphPod_Example.framework; sourceTree = BUILT_PRODUCTS_DIR; };
/* End PBXFileReference section */

/* Begin PBXFrameworksBuildPhase section */
		3493469F2690D26400FF727C /* Frameworks */ = {
			isa = PBXFrameworksBuildPhase;
			buildActionMask = 2147483647;
			files = (
			);
			runOnlyForDeploymentPostprocessing = 0;
		};
		607FACCD1AFB9204008FA782 /* Frameworks */ = {
			isa = PBXFrameworksBuildPhase;
			buildActionMask = 2147483647;
			files = (
				F1852C5040C3C539F9361D20 /* Pods_GraphPod_Example.framework in Frameworks */,
			);
			runOnlyForDeploymentPostprocessing = 0;
		};
		607FACE21AFB9204008FA782 /* Frameworks */ = {
			isa = PBXFrameworksBuildPhase;
			buildActionMask = 2147483647;
			files = (
				8E5941D03191FD204D4CE139 /* Pods_GraphPod_Tests.framework in Frameworks */,
			);
			runOnlyForDeploymentPostprocessing = 0;
		};
/* End PBXFrameworksBuildPhase section */

/* Begin PBXGroup section */
		349346A92690D29A00FF727C /* Performance Tests */ = {
			isa = PBXGroup;
			children = (
				349346AB2690D30900FF727C /* BitmapImagePerformanceTests.swift */,
				349346AD2690D30900FF727C /* DisjointSetPerformanceTests.swift */,
				349346AC2690D30900FF727C /* SegmentingImageAlgorithmPerformanceTests.swift */,
				349346AA2690D30900FF727C /* WGraphPerformanceTests.swift */,
			);
			path = "Performance Tests";
			sourceTree = "<group>";
		};
		607FACC71AFB9204008FA782 = {
			isa = PBXGroup;
			children = (
				607FACF51AFB993E008FA782 /* Podspec Metadata */,
				607FACD21AFB9204008FA782 /* Example for GraphPod */,
				607FACE81AFB9204008FA782 /* Tests */,
				349346A92690D29A00FF727C /* Performance Tests */,
				607FACD11AFB9204008FA782 /* Products */,
				D2366F2EEC62E7D2FEF096E2 /* Pods */,
				6FE2F21BEA330ABA0CF39F84 /* Frameworks */,
				349346A82690D26500FF727C /* GraphPod_Tests copy-Info.plist */,
			);
			sourceTree = "<group>";
		};
		607FACD11AFB9204008FA782 /* Products */ = {
			isa = PBXGroup;
			children = (
				607FACD01AFB9204008FA782 /* GraphPod_Example.app */,
				607FACE51AFB9204008FA782 /* GraphPod_Tests.xctest */,
				349346A72690D26400FF727C /* GraphPod_Performance_Tests .xctest */,
			);
			name = Products;
			sourceTree = "<group>";
		};
		607FACD21AFB9204008FA782 /* Example for GraphPod */ = {
			isa = PBXGroup;
			children = (
				3420FB522690BFD600D7AC2F /* Main.storyboard */,
				607FACD51AFB9204008FA782 /* AppDelegate.swift */,
				607FACD71AFB9204008FA782 /* ViewController.swift */,
				607FACDC1AFB9204008FA782 /* Images.xcassets */,
				607FACDE1AFB9204008FA782 /* LaunchScreen.xib */,
				607FACD31AFB9204008FA782 /* Supporting Files */,
			);
			name = "Example for GraphPod";
			path = GraphPod;
			sourceTree = "<group>";
		};
		607FACD31AFB9204008FA782 /* Supporting Files */ = {
			isa = PBXGroup;
			children = (
				607FACD41AFB9204008FA782 /* Info.plist */,
			);
			name = "Supporting Files";
			sourceTree = "<group>";
		};
		607FACE81AFB9204008FA782 /* Tests */ = {
			isa = PBXGroup;
			children = (
				3420FB492690BD8100D7AC2F /* BitmapColorTest.swift */,
				3420FB4A2690BD8100D7AC2F /* BitmapImageTests.swift */,
				3420FB4B2690BD8100D7AC2F /* DisjointSetTests.swift */,
				3420FB482690BD8100D7AC2F /* RootsDictionaryTests.swift */,
				3420FB4C2690BD8100D7AC2F /* WGraphTests.swift */,
				607FACE91AFB9204008FA782 /* Supporting Files */,
			);
			path = Tests;
			sourceTree = "<group>";
		};
		607FACE91AFB9204008FA782 /* Supporting Files */ = {
			isa = PBXGroup;
			children = (
				607FACEA1AFB9204008FA782 /* Info.plist */,
			);
			name = "Supporting Files";
			sourceTree = "<group>";
		};
		607FACF51AFB993E008FA782 /* Podspec Metadata */ = {
			isa = PBXGroup;
			children = (
				C35D1F3E0E0ADD77D75B48CC /* GraphPod.podspec */,
				721E46F95328FF0E90AE3B40 /* README.md */,
				423091CABFAD2C9C5D6E0645 /* LICENSE */,
			);
			name = "Podspec Metadata";
			sourceTree = "<group>";
		};
		6FE2F21BEA330ABA0CF39F84 /* Frameworks */ = {
			isa = PBXGroup;
			children = (
				F027625DA31DC9E35FB30E3B /* Pods_GraphPod_Example.framework */,
				68476C214C82A0642A5F81C1 /* Pods_GraphPod_Tests.framework */,
			);
			name = Frameworks;
			sourceTree = "<group>";
		};
		D2366F2EEC62E7D2FEF096E2 /* Pods */ = {
			isa = PBXGroup;
			children = (
				2DCC70612667804A3FC0AE0B /* Pods-GraphPod_Example.debug.xcconfig */,
				38348CD0814D2C49D565008C /* Pods-GraphPod_Example.release.xcconfig */,
				75289DD11DD289840E9457C5 /* Pods-GraphPod_Tests.debug.xcconfig */,
				83BCC48F45AA899F6799C15E /* Pods-GraphPod_Tests.release.xcconfig */,
			);
			path = Pods;
			sourceTree = "<group>";
		};
/* End PBXGroup section */

/* Begin PBXNativeTarget section */
		349346952690D26400FF727C /* GraphPod_Performance_Tests  */ = {
			isa = PBXNativeTarget;
			buildConfigurationList = 349346A42690D26400FF727C /* Build configuration list for PBXNativeTarget "GraphPod_Performance_Tests " */;
			buildPhases = (
				349346992690D26400FF727C /* Sources */,
				3493469F2690D26400FF727C /* Frameworks */,
				349346A12690D26400FF727C /* Resources */,
			);
			buildRules = (
			);
			dependencies = (
				349346962690D26400FF727C /* PBXTargetDependency */,
			);
			name = "GraphPod_Performance_Tests ";
			productName = Tests;
			productReference = 349346A72690D26400FF727C /* GraphPod_Performance_Tests .xctest */;
			productType = "com.apple.product-type.bundle.unit-test";
		};
		607FACCF1AFB9204008FA782 /* GraphPod_Example */ = {
			isa = PBXNativeTarget;
			buildConfigurationList = 607FACEF1AFB9204008FA782 /* Build configuration list for PBXNativeTarget "GraphPod_Example" */;
			buildPhases = (
				7506C29E67D08A62D5C82353 /* [CP] Check Pods Manifest.lock */,
				607FACCC1AFB9204008FA782 /* Sources */,
				607FACCD1AFB9204008FA782 /* Frameworks */,
				607FACCE1AFB9204008FA782 /* Resources */,
				B015B1904799FAC7A18AF4A3 /* [CP] Embed Pods Frameworks */,
			);
			buildRules = (
			);
			dependencies = (
			);
			name = GraphPod_Example;
			productName = GraphPod;
			productReference = 607FACD01AFB9204008FA782 /* GraphPod_Example.app */;
			productType = "com.apple.product-type.application";
		};
		607FACE41AFB9204008FA782 /* GraphPod_Tests */ = {
			isa = PBXNativeTarget;
			buildConfigurationList = 607FACF21AFB9204008FA782 /* Build configuration list for PBXNativeTarget "GraphPod_Tests" */;
			buildPhases = (
				901A66AD8D7DF767043A4DEC /* [CP] Check Pods Manifest.lock */,
				607FACE11AFB9204008FA782 /* Sources */,
				607FACE21AFB9204008FA782 /* Frameworks */,
				607FACE31AFB9204008FA782 /* Resources */,
				4BBC8ACE6F4460C62081C82E /* [CP] Embed Pods Frameworks */,
			);
			buildRules = (
			);
			dependencies = (
				607FACE71AFB9204008FA782 /* PBXTargetDependency */,
			);
			name = GraphPod_Tests;
			productName = Tests;
			productReference = 607FACE51AFB9204008FA782 /* GraphPod_Tests.xctest */;
			productType = "com.apple.product-type.bundle.unit-test";
		};
/* End PBXNativeTarget section */

/* Begin PBXProject section */
		607FACC81AFB9204008FA782 /* Project object */ = {
			isa = PBXProject;
			attributes = {
				LastSwiftUpdateCheck = 0830;
				LastUpgradeCheck = 1250;
				ORGANIZATIONNAME = CocoaPods;
				TargetAttributes = {
					349346952690D26400FF727C = {
						TestTargetID = 607FACCF1AFB9204008FA782;
					};
					607FACCF1AFB9204008FA782 = {
						CreatedOnToolsVersion = 6.3.1;
						DevelopmentTeam = GRAL3CBVS6;
						LastSwiftMigration = 1250;
					};
					607FACE41AFB9204008FA782 = {
						CreatedOnToolsVersion = 6.3.1;
						LastSwiftMigration = 1250;
						TestTargetID = 607FACCF1AFB9204008FA782;
					};
				};
			};
			buildConfigurationList = 607FACCB1AFB9204008FA782 /* Build configuration list for PBXProject "GraphPod" */;
			compatibilityVersion = "Xcode 3.2";
			developmentRegion = en;
			hasScannedForEncodings = 0;
			knownRegions = (
				en,
				Base,
			);
			mainGroup = 607FACC71AFB9204008FA782;
			productRefGroup = 607FACD11AFB9204008FA782 /* Products */;
			projectDirPath = "";
			projectRoot = "";
			targets = (
				607FACCF1AFB9204008FA782 /* GraphPod_Example */,
				607FACE41AFB9204008FA782 /* GraphPod_Tests */,
				349346952690D26400FF727C /* GraphPod_Performance_Tests  */,
			);
		};
/* End PBXProject section */

/* Begin PBXResourcesBuildPhase section */
		349346A12690D26400FF727C /* Resources */ = {
			isa = PBXResourcesBuildPhase;
			buildActionMask = 2147483647;
			files = (
				349346A22690D26400FF727C /* Main.storyboard in Resources */,
			);
			runOnlyForDeploymentPostprocessing = 0;
		};
		607FACCE1AFB9204008FA782 /* Resources */ = {
			isa = PBXResourcesBuildPhase;
			buildActionMask = 2147483647;
			files = (
				3420FB552690C13B00D7AC2F /* Main.storyboard in Resources */,
				607FACE01AFB9204008FA782 /* LaunchScreen.xib in Resources */,
				607FACDD1AFB9204008FA782 /* Images.xcassets in Resources */,
			);
			runOnlyForDeploymentPostprocessing = 0;
		};
		607FACE31AFB9204008FA782 /* Resources */ = {
			isa = PBXResourcesBuildPhase;
			buildActionMask = 2147483647;
			files = (
				3420FB542690BFD600D7AC2F /* Main.storyboard in Resources */,
			);
			runOnlyForDeploymentPostprocessing = 0;
		};
/* End PBXResourcesBuildPhase section */

/* Begin PBXShellScriptBuildPhase section */
		4BBC8ACE6F4460C62081C82E /* [CP] Embed Pods Frameworks */ = {
			isa = PBXShellScriptBuildPhase;
			buildActionMask = 2147483647;
			files = (
			);
			inputPaths = (
				"${PODS_ROOT}/Target Support Files/Pods-GraphPod_Tests/Pods-GraphPod_Tests-frameworks.sh",
				"${BUILT_PRODUCTS_DIR}/FBSnapshotTestCase/FBSnapshotTestCase.framework",
			);
			name = "[CP] Embed Pods Frameworks";
			outputPaths = (
				"${TARGET_BUILD_DIR}/${FRAMEWORKS_FOLDER_PATH}/FBSnapshotTestCase.framework",
			);
			runOnlyForDeploymentPostprocessing = 0;
			shellPath = /bin/sh;
			shellScript = "\"${PODS_ROOT}/Target Support Files/Pods-GraphPod_Tests/Pods-GraphPod_Tests-frameworks.sh\"\n";
			showEnvVarsInLog = 0;
		};
		7506C29E67D08A62D5C82353 /* [CP] Check Pods Manifest.lock */ = {
			isa = PBXShellScriptBuildPhase;
			buildActionMask = 2147483647;
			files = (
			);
			inputFileListPaths = (
			);
			inputPaths = (
				"${PODS_PODFILE_DIR_PATH}/Podfile.lock",
				"${PODS_ROOT}/Manifest.lock",
			);
			name = "[CP] Check Pods Manifest.lock";
			outputFileListPaths = (
			);
			outputPaths = (
				"$(DERIVED_FILE_DIR)/Pods-GraphPod_Example-checkManifestLockResult.txt",
			);
			runOnlyForDeploymentPostprocessing = 0;
			shellPath = /bin/sh;
			shellScript = "diff \"${PODS_PODFILE_DIR_PATH}/Podfile.lock\" \"${PODS_ROOT}/Manifest.lock\" > /dev/null\nif [ $? != 0 ] ; then\n    # print error to STDERR\n    echo \"error: The sandbox is not in sync with the Podfile.lock. Run 'pod install' or update your CocoaPods installation.\" >&2\n    exit 1\nfi\n# This output is used by Xcode 'outputs' to avoid re-running this script phase.\necho \"SUCCESS\" > \"${SCRIPT_OUTPUT_FILE_0}\"\n";
			showEnvVarsInLog = 0;
		};
		901A66AD8D7DF767043A4DEC /* [CP] Check Pods Manifest.lock */ = {
			isa = PBXShellScriptBuildPhase;
			buildActionMask = 2147483647;
			files = (
			);
			inputFileListPaths = (
			);
			inputPaths = (
				"${PODS_PODFILE_DIR_PATH}/Podfile.lock",
				"${PODS_ROOT}/Manifest.lock",
			);
			name = "[CP] Check Pods Manifest.lock";
			outputFileListPaths = (
			);
			outputPaths = (
				"$(DERIVED_FILE_DIR)/Pods-GraphPod_Tests-checkManifestLockResult.txt",
			);
			runOnlyForDeploymentPostprocessing = 0;
			shellPath = /bin/sh;
			shellScript = "diff \"${PODS_PODFILE_DIR_PATH}/Podfile.lock\" \"${PODS_ROOT}/Manifest.lock\" > /dev/null\nif [ $? != 0 ] ; then\n    # print error to STDERR\n    echo \"error: The sandbox is not in sync with the Podfile.lock. Run 'pod install' or update your CocoaPods installation.\" >&2\n    exit 1\nfi\n# This output is used by Xcode 'outputs' to avoid re-running this script phase.\necho \"SUCCESS\" > \"${SCRIPT_OUTPUT_FILE_0}\"\n";
			showEnvVarsInLog = 0;
		};
		B015B1904799FAC7A18AF4A3 /* [CP] Embed Pods Frameworks */ = {
			isa = PBXShellScriptBuildPhase;
			buildActionMask = 2147483647;
			files = (
			);
			inputPaths = (
				"${PODS_ROOT}/Target Support Files/Pods-GraphPod_Example/Pods-GraphPod_Example-frameworks.sh",
				"${BUILT_PRODUCTS_DIR}/GraphPod/GraphPod.framework",
			);
			name = "[CP] Embed Pods Frameworks";
			outputPaths = (
				"${TARGET_BUILD_DIR}/${FRAMEWORKS_FOLDER_PATH}/GraphPod.framework",
			);
			runOnlyForDeploymentPostprocessing = 0;
			shellPath = /bin/sh;
			shellScript = "\"${PODS_ROOT}/Target Support Files/Pods-GraphPod_Example/Pods-GraphPod_Example-frameworks.sh\"\n";
			showEnvVarsInLog = 0;
		};
/* End PBXShellScriptBuildPhase section */

/* Begin PBXSourcesBuildPhase section */
		349346992690D26400FF727C /* Sources */ = {
			isa = PBXSourcesBuildPhase;
			buildActionMask = 2147483647;
			files = (
				3493469A2690D26400FF727C /* BitmapImageTests.swift in Sources */,
				349346B42690D31400FF727C /* SegmentingImageAlgorithmPerformanceTests.swift in Sources */,
				349346B52690D31800FF727C /* WGraphPerformanceTests.swift in Sources */,
				349346B32690D31000FF727C /* DisjointSetPerformanceTests.swift in Sources */,
				349346B22690D30D00FF727C /* BitmapImagePerformanceTests.swift in Sources */,
				3493469B2690D26400FF727C /* DisjointSetTests.swift in Sources */,
				3493469C2690D26400FF727C /* BitmapColorTest.swift in Sources */,
				3493469D2690D26400FF727C /* WGraphTests.swift in Sources */,
				3493469E2690D26400FF727C /* RootsDictionaryTests.swift in Sources */,
			);
			runOnlyForDeploymentPostprocessing = 0;
		};
		607FACCC1AFB9204008FA782 /* Sources */ = {
			isa = PBXSourcesBuildPhase;
			buildActionMask = 2147483647;
			files = (
				607FACD81AFB9204008FA782 /* ViewController.swift in Sources */,
				607FACD61AFB9204008FA782 /* AppDelegate.swift in Sources */,
			);
			runOnlyForDeploymentPostprocessing = 0;
		};
		607FACE11AFB9204008FA782 /* Sources */ = {
			isa = PBXSourcesBuildPhase;
			buildActionMask = 2147483647;
			files = (
				3420FB4F2690BD8100D7AC2F /* BitmapImageTests.swift in Sources */,
				34ED36A02691C92B00E05B0E /* SegmentingImageAlgorithmPerformanceTests.swift in Sources */,
				34ED36A12691C92E00E05B0E /* WGraphPerformanceTests.swift in Sources */,
				34ED369F2691C92800E05B0E /* DisjointSetPerformanceTests.swift in Sources */,
				34ED369E2691C92500E05B0E /* BitmapImagePerformanceTests.swift in Sources */,
				3420FB502690BD8100D7AC2F /* DisjointSetTests.swift in Sources */,
				3420FB4E2690BD8100D7AC2F /* BitmapColorTest.swift in Sources */,
				3420FB512690BD8100D7AC2F /* WGraphTests.swift in Sources */,
				3420FB4D2690BD8100D7AC2F /* RootsDictionaryTests.swift in Sources */,
			);
			runOnlyForDeploymentPostprocessing = 0;
		};
/* End PBXSourcesBuildPhase section */

/* Begin PBXTargetDependency section */
		349346962690D26400FF727C /* PBXTargetDependency */ = {
			isa = PBXTargetDependency;
			target = 607FACCF1AFB9204008FA782 /* GraphPod_Example */;
			targetProxy = 349346972690D26400FF727C /* PBXContainerItemProxy */;
		};
		607FACE71AFB9204008FA782 /* PBXTargetDependency */ = {
			isa = PBXTargetDependency;
			target = 607FACCF1AFB9204008FA782 /* GraphPod_Example */;
			targetProxy = 607FACE61AFB9204008FA782 /* PBXContainerItemProxy */;
		};
/* End PBXTargetDependency section */

/* Begin PBXVariantGroup section */
		3420FB522690BFD600D7AC2F /* Main.storyboard */ = {
			isa = PBXVariantGroup;
			children = (
				3420FB532690BFD600D7AC2F /* Base */,
			);
			name = Main.storyboard;
			sourceTree = "<group>";
		};
		607FACDE1AFB9204008FA782 /* LaunchScreen.xib */ = {
			isa = PBXVariantGroup;
			children = (
				607FACDF1AFB9204008FA782 /* Base */,
			);
			name = LaunchScreen.xib;
			sourceTree = "<group>";
		};
/* End PBXVariantGroup section */

/* Begin XCBuildConfiguration section */
		349346A52690D26400FF727C /* Debug */ = {
			isa = XCBuildConfiguration;
			buildSettings = {
				FRAMEWORK_SEARCH_PATHS = (
					"$(PLATFORM_DIR)/Developer/Library/Frameworks",
					"$(inherited)",
				);
				GCC_PREPROCESSOR_DEFINITIONS = (
					"DEBUG=1",
					"$(inherited)",
				);
				INFOPLIST_FILE = "GraphPod_Tests copy-Info.plist";
				LD_RUNPATH_SEARCH_PATHS = "$(inherited) @executable_path/Frameworks @loader_path/Frameworks";
				PRODUCT_BUNDLE_IDENTIFIER = "org.cocoapods.$(PRODUCT_NAME:rfc1034identifier)";
				PRODUCT_NAME = "$(TARGET_NAME)";
				SWIFT_SWIFT3_OBJC_INFERENCE = Default;
				SWIFT_VERSION = 5.0;
				TEST_HOST = "$(BUILT_PRODUCTS_DIR)/GraphPod_Example.app/GraphPod_Example";
			};
			name = Debug;
		};
		349346A62690D26400FF727C /* Release */ = {
			isa = XCBuildConfiguration;
			buildSettings = {
				FRAMEWORK_SEARCH_PATHS = (
					"$(PLATFORM_DIR)/Developer/Library/Frameworks",
					"$(inherited)",
				);
				INFOPLIST_FILE = "GraphPod_Tests copy-Info.plist";
				LD_RUNPATH_SEARCH_PATHS = "$(inherited) @executable_path/Frameworks @loader_path/Frameworks";
				PRODUCT_BUNDLE_IDENTIFIER = "org.cocoapods.$(PRODUCT_NAME:rfc1034identifier)";
				PRODUCT_NAME = "$(TARGET_NAME)";
				SWIFT_SWIFT3_OBJC_INFERENCE = Default;
				SWIFT_VERSION = 5.0;
				TEST_HOST = "$(BUILT_PRODUCTS_DIR)/GraphPod_Example.app/GraphPod_Example";
			};
			name = Release;
		};
		607FACED1AFB9204008FA782 /* Debug */ = {
			isa = XCBuildConfiguration;
			buildSettings = {
				ALWAYS_SEARCH_USER_PATHS = NO;
				CLANG_ANALYZER_LOCALIZABILITY_NONLOCALIZED = YES;
				CLANG_CXX_LANGUAGE_STANDARD = "gnu++0x";
				CLANG_CXX_LIBRARY = "libc++";
				CLANG_ENABLE_MODULES = YES;
				CLANG_ENABLE_OBJC_ARC = YES;
				CLANG_WARN_BLOCK_CAPTURE_AUTORELEASING = YES;
				CLANG_WARN_BOOL_CONVERSION = YES;
				CLANG_WARN_COMMA = YES;
				CLANG_WARN_CONSTANT_CONVERSION = YES;
				CLANG_WARN_DEPRECATED_OBJC_IMPLEMENTATIONS = YES;
				CLANG_WARN_DIRECT_OBJC_ISA_USAGE = YES_ERROR;
				CLANG_WARN_EMPTY_BODY = YES;
				CLANG_WARN_ENUM_CONVERSION = YES;
				CLANG_WARN_INFINITE_RECURSION = YES;
				CLANG_WARN_INT_CONVERSION = YES;
				CLANG_WARN_NON_LITERAL_NULL_CONVERSION = YES;
				CLANG_WARN_OBJC_IMPLICIT_RETAIN_SELF = YES;
				CLANG_WARN_OBJC_LITERAL_CONVERSION = YES;
				CLANG_WARN_OBJC_ROOT_CLASS = YES_ERROR;
				CLANG_WARN_QUOTED_INCLUDE_IN_FRAMEWORK_HEADER = YES;
				CLANG_WARN_RANGE_LOOP_ANALYSIS = YES;
				CLANG_WARN_STRICT_PROTOTYPES = YES;
				CLANG_WARN_SUSPICIOUS_MOVE = YES;
				CLANG_WARN_UNREACHABLE_CODE = YES;
				CLANG_WARN__DUPLICATE_METHOD_MATCH = YES;
				"CODE_SIGN_IDENTITY[sdk=iphoneos*]" = "iPhone Developer";
				COPY_PHASE_STRIP = NO;
				DEBUG_INFORMATION_FORMAT = "dwarf-with-dsym";
				ENABLE_STRICT_OBJC_MSGSEND = YES;
				ENABLE_TESTABILITY = YES;
				GCC_C_LANGUAGE_STANDARD = gnu99;
				GCC_DYNAMIC_NO_PIC = NO;
				GCC_NO_COMMON_BLOCKS = YES;
				GCC_OPTIMIZATION_LEVEL = 0;
				GCC_PREPROCESSOR_DEFINITIONS = (
					"DEBUG=1",
					"$(inherited)",
				);
				GCC_SYMBOLS_PRIVATE_EXTERN = NO;
				GCC_WARN_64_TO_32_BIT_CONVERSION = YES;
				GCC_WARN_ABOUT_RETURN_TYPE = YES_ERROR;
				GCC_WARN_UNDECLARED_SELECTOR = YES;
				GCC_WARN_UNINITIALIZED_AUTOS = YES_AGGRESSIVE;
				GCC_WARN_UNUSED_FUNCTION = YES;
				GCC_WARN_UNUSED_VARIABLE = YES;
				IPHONEOS_DEPLOYMENT_TARGET = 12.0;
				MTL_ENABLE_DEBUG_INFO = YES;
				ONLY_ACTIVE_ARCH = YES;
				SDKROOT = iphoneos;
				SWIFT_OPTIMIZATION_LEVEL = "-Onone";
			};
			name = Debug;
		};
		607FACEE1AFB9204008FA782 /* Release */ = {
			isa = XCBuildConfiguration;
			buildSettings = {
				ALWAYS_SEARCH_USER_PATHS = NO;
				CLANG_ANALYZER_LOCALIZABILITY_NONLOCALIZED = YES;
				CLANG_CXX_LANGUAGE_STANDARD = "gnu++0x";
				CLANG_CXX_LIBRARY = "libc++";
				CLANG_ENABLE_MODULES = YES;
				CLANG_ENABLE_OBJC_ARC = YES;
				CLANG_WARN_BLOCK_CAPTURE_AUTORELEASING = YES;
				CLANG_WARN_BOOL_CONVERSION = YES;
				CLANG_WARN_COMMA = YES;
				CLANG_WARN_CONSTANT_CONVERSION = YES;
				CLANG_WARN_DEPRECATED_OBJC_IMPLEMENTATIONS = YES;
				CLANG_WARN_DIRECT_OBJC_ISA_USAGE = YES_ERROR;
				CLANG_WARN_EMPTY_BODY = YES;
				CLANG_WARN_ENUM_CONVERSION = YES;
				CLANG_WARN_INFINITE_RECURSION = YES;
				CLANG_WARN_INT_CONVERSION = YES;
				CLANG_WARN_NON_LITERAL_NULL_CONVERSION = YES;
				CLANG_WARN_OBJC_IMPLICIT_RETAIN_SELF = YES;
				CLANG_WARN_OBJC_LITERAL_CONVERSION = YES;
				CLANG_WARN_OBJC_ROOT_CLASS = YES_ERROR;
				CLANG_WARN_QUOTED_INCLUDE_IN_FRAMEWORK_HEADER = YES;
				CLANG_WARN_RANGE_LOOP_ANALYSIS = YES;
				CLANG_WARN_STRICT_PROTOTYPES = YES;
				CLANG_WARN_SUSPICIOUS_MOVE = YES;
				CLANG_WARN_UNREACHABLE_CODE = YES;
				CLANG_WARN__DUPLICATE_METHOD_MATCH = YES;
				"CODE_SIGN_IDENTITY[sdk=iphoneos*]" = "iPhone Developer";
				COPY_PHASE_STRIP = NO;
				DEBUG_INFORMATION_FORMAT = "dwarf-with-dsym";
				ENABLE_NS_ASSERTIONS = NO;
				ENABLE_STRICT_OBJC_MSGSEND = YES;
				GCC_C_LANGUAGE_STANDARD = gnu99;
				GCC_NO_COMMON_BLOCKS = YES;
				GCC_WARN_64_TO_32_BIT_CONVERSION = YES;
				GCC_WARN_ABOUT_RETURN_TYPE = YES_ERROR;
				GCC_WARN_UNDECLARED_SELECTOR = YES;
				GCC_WARN_UNINITIALIZED_AUTOS = YES_AGGRESSIVE;
				GCC_WARN_UNUSED_FUNCTION = YES;
				GCC_WARN_UNUSED_VARIABLE = YES;
				IPHONEOS_DEPLOYMENT_TARGET = 12.0;
				MTL_ENABLE_DEBUG_INFO = NO;
				SDKROOT = iphoneos;
				SWIFT_OPTIMIZATION_LEVEL = "-Owholemodule";
				VALIDATE_PRODUCT = YES;
			};
			name = Release;
		};
		607FACF01AFB9204008FA782 /* Debug */ = {
			isa = XCBuildConfiguration;
			baseConfigurationReference = 2DCC70612667804A3FC0AE0B /* Pods-GraphPod_Example.debug.xcconfig */;
			buildSettings = {
				ASSETCATALOG_COMPILER_APPICON_NAME = AppIcon;
				DEVELOPMENT_TEAM = GRAL3CBVS6;
				INFOPLIST_FILE = GraphPod/Info.plist;
				LD_RUNPATH_SEARCH_PATHS = "$(inherited) @executable_path/Frameworks";
				MODULE_NAME = ExampleApp;
				PRODUCT_BUNDLE_IDENTIFIER = "org.cocoapods.demo.$(PRODUCT_NAME:rfc1034identifier)";
				PRODUCT_NAME = "$(TARGET_NAME)";
				SWIFT_SWIFT3_OBJC_INFERENCE = Default;
				SWIFT_VERSION = 5.0;
			};
			name = Debug;
		};
		607FACF11AFB9204008FA782 /* Release */ = {
			isa = XCBuildConfiguration;
			baseConfigurationReference = 38348CD0814D2C49D565008C /* Pods-GraphPod_Example.release.xcconfig */;
			buildSettings = {
				ASSETCATALOG_COMPILER_APPICON_NAME = AppIcon;
				DEVELOPMENT_TEAM = GRAL3CBVS6;
				INFOPLIST_FILE = GraphPod/Info.plist;
				LD_RUNPATH_SEARCH_PATHS = "$(inherited) @executable_path/Frameworks";
				MODULE_NAME = ExampleApp;
				PRODUCT_BUNDLE_IDENTIFIER = "org.cocoapods.demo.$(PRODUCT_NAME:rfc1034identifier)";
				PRODUCT_NAME = "$(TARGET_NAME)";
				SWIFT_SWIFT3_OBJC_INFERENCE = Default;
				SWIFT_VERSION = 5.0;
			};
			name = Release;
		};
		607FACF31AFB9204008FA782 /* Debug */ = {
			isa = XCBuildConfiguration;
			baseConfigurationReference = 75289DD11DD289840E9457C5 /* Pods-GraphPod_Tests.debug.xcconfig */;
			buildSettings = {
				FRAMEWORK_SEARCH_PATHS = (
					"$(PLATFORM_DIR)/Developer/Library/Frameworks",
					"$(inherited)",
				);
				GCC_PREPROCESSOR_DEFINITIONS = (
					"DEBUG=1",
					"$(inherited)",
				);
				INFOPLIST_FILE = Tests/Info.plist;
				LD_RUNPATH_SEARCH_PATHS = "$(inherited) @executable_path/Frameworks @loader_path/Frameworks";
				PRODUCT_BUNDLE_IDENTIFIER = "org.cocoapods.$(PRODUCT_NAME:rfc1034identifier)";
				PRODUCT_NAME = "$(TARGET_NAME)";
				SWIFT_SWIFT3_OBJC_INFERENCE = Default;
				SWIFT_VERSION = 5.0;
				TEST_HOST = "$(BUILT_PRODUCTS_DIR)/GraphPod_Example.app/GraphPod_Example";
			};
			name = Debug;
		};
		607FACF41AFB9204008FA782 /* Release */ = {
			isa = XCBuildConfiguration;
			baseConfigurationReference = 83BCC48F45AA899F6799C15E /* Pods-GraphPod_Tests.release.xcconfig */;
			buildSettings = {
				FRAMEWORK_SEARCH_PATHS = (
					"$(PLATFORM_DIR)/Developer/Library/Frameworks",
					"$(inherited)",
				);
				INFOPLIST_FILE = Tests/Info.plist;
				LD_RUNPATH_SEARCH_PATHS = "$(inherited) @executable_path/Frameworks @loader_path/Frameworks";
				PRODUCT_BUNDLE_IDENTIFIER = "org.cocoapods.$(PRODUCT_NAME:rfc1034identifier)";
				PRODUCT_NAME = "$(TARGET_NAME)";
				SWIFT_SWIFT3_OBJC_INFERENCE = Default;
				SWIFT_VERSION = 5.0;
				TEST_HOST = "$(BUILT_PRODUCTS_DIR)/GraphPod_Example.app/GraphPod_Example";
			};
			name = Release;
		};
/* End XCBuildConfiguration section */

/* Begin XCConfigurationList section */
		349346A42690D26400FF727C /* Build configuration list for PBXNativeTarget "GraphPod_Performance_Tests " */ = {
			isa = XCConfigurationList;
			buildConfigurations = (
				349346A52690D26400FF727C /* Debug */,
				349346A62690D26400FF727C /* Release */,
			);
			defaultConfigurationIsVisible = 0;
			defaultConfigurationName = Release;
		};
		607FACCB1AFB9204008FA782 /* Build configuration list for PBXProject "GraphPod" */ = {
			isa = XCConfigurationList;
			buildConfigurations = (
				607FACED1AFB9204008FA782 /* Debug */,
				607FACEE1AFB9204008FA782 /* Release */,
			);
			defaultConfigurationIsVisible = 0;
			defaultConfigurationName = Release;
		};
		607FACEF1AFB9204008FA782 /* Build configuration list for PBXNativeTarget "GraphPod_Example" */ = {
			isa = XCConfigurationList;
			buildConfigurations = (
				607FACF01AFB9204008FA782 /* Debug */,
				607FACF11AFB9204008FA782 /* Release */,
			);
			defaultConfigurationIsVisible = 0;
			defaultConfigurationName = Release;
		};
		607FACF21AFB9204008FA782 /* Build configuration list for PBXNativeTarget "GraphPod_Tests" */ = {
			isa = XCConfigurationList;
			buildConfigurations = (
				607FACF31AFB9204008FA782 /* Debug */,
				607FACF41AFB9204008FA782 /* Release */,
			);
			defaultConfigurationIsVisible = 0;
			defaultConfigurationName = Release;
		};
/* End XCConfigurationList section */
	};
	rootObject = 607FACC81AFB9204008FA782 /* Project object */;
}
